
Microsoft Visual Studio Solution File, Format Version 12.00
# Visual Studio Version 17
VisualStudioVersion = 17.5.33516.290
MinimumVisualStudioVersion = 10.0.40219.1
Project("{FAE04EC0-301F-11D3-BF4B-00C04F79EFBC}") = "BPNN", "BPNN\BPNN.csproj", "{E72E3C41-F679-450C-A1E9-551E885D7B1E}"
EndProject
Global
	GlobalSection(SolutionConfigurationPlatforms) = preSolution
		Debug|Any CPU = Debug|Any CPU
		Release|Any CPU = Release|Any CPU
	EndGlobalSection
	GlobalSection(ProjectConfigurationPlatforms) = postSolution
		{E72E3C41-F679-450C-A1E9-551E885D7B1E}.Debug|Any CPU.ActiveCfg = Debug|Any CPU
		{E72E3C41-F679-450C-A1E9-551E885D7B1E}.Debug|Any CPU.Build.0 = Debug|Any CPU
		{E72E3C41-F679-450C-A1E9-551E885D7B1E}.Release|Any CPU.ActiveCfg = Release|Any CPU
		{E72E3C41-F679-450C-A1E9-551E885D7B1E}.Release|Any CPU.Build.0 = Release|Any CPU
	EndGlobalSection
	GlobalSection(SolutionProperties) = preSolution
		HideSolutionNode = FALSE
	EndGlobalSection
	GlobalSection(ExtensibilityGlobals) = postSolution
		SolutionGuid = {92DD9543-36FF-40A2-B8F2-A56473AC7A67}
	EndGlobalSection
EndGlobal
